
Microsoft Visual Studio Solution File, Format Version 12.00
# Visual Studio Version 17
VisualStudioVersion = 17.13.35931.197 d17.13
MinimumVisualStudioVersion = 10.0.40219.1
Project("{FAE04EC0-301F-11D3-BF4B-00C04F79EFBC}") = "RecomendadorDePeliculas.Web", "RecomendadorDePeliculas\RecomendadorDePeliculas.Web.csproj", "{99B9977F-3D94-4C39-A841-C9AF32E5B35C}"
EndProject
Project("{FAE04EC0-301F-11D3-BF4B-00C04F79EFBC}") = "RecomendadorDePeliculas.Entidades", "Recomendador.Entidades\RecomendadorDePeliculas.Entidades.csproj", "{39C06293-6BE6-4A6A-AE16-EB1580C76792}"
EndProject
Project("{FAE04EC0-301F-11D3-BF4B-00C04F79EFBC}") = "RecomendadorDePeliculas.Logica", "RecomendadorDePeliculas.Logica\RecomendadorDePeliculas.Logica.csproj", "{AF94F7E1-7EE8-494C-AD00-D653B6C02B54}"
EndProject
Global
	GlobalSection(SolutionConfigurationPlatforms) = preSolution
		Debug|Any CPU = Debug|Any CPU
		Release|Any CPU = Release|Any CPU
	EndGlobalSection
	GlobalSection(ProjectConfigurationPlatforms) = postSolution
		{99B9977F-3D94-4C39-A841-C9AF32E5B35C}.Debug|Any CPU.ActiveCfg = Debug|Any CPU
		{99B9977F-3D94-4C39-A841-C9AF32E5B35C}.Debug|Any CPU.Build.0 = Debug|Any CPU
		{99B9977F-3D94-4C39-A841-C9AF32E5B35C}.Release|Any CPU.ActiveCfg = Release|Any CPU
		{99B9977F-3D94-4C39-A841-C9AF32E5B35C}.Release|Any CPU.Build.0 = Release|Any CPU
		{39C06293-6BE6-4A6A-AE16-EB1580C76792}.Debug|Any CPU.ActiveCfg = Debug|Any CPU
		{39C06293-6BE6-4A6A-AE16-EB1580C76792}.Debug|Any CPU.Build.0 = Debug|Any CPU
		{39C06293-6BE6-4A6A-AE16-EB1580C76792}.Release|Any CPU.ActiveCfg = Release|Any CPU
		{39C06293-6BE6-4A6A-AE16-EB1580C76792}.Release|Any CPU.Build.0 = Release|Any CPU
		{AF94F7E1-7EE8-494C-AD00-D653B6C02B54}.Debug|Any CPU.ActiveCfg = Debug|Any CPU
		{AF94F7E1-7EE8-494C-AD00-D653B6C02B54}.Debug|Any CPU.Build.0 = Debug|Any CPU
		{AF94F7E1-7EE8-494C-AD00-D653B6C02B54}.Release|Any CPU.ActiveCfg = Release|Any CPU
		{AF94F7E1-7EE8-494C-AD00-D653B6C02B54}.Release|Any CPU.Build.0 = Release|Any CPU
	EndGlobalSection
	GlobalSection(SolutionProperties) = preSolution
		HideSolutionNode = FALSE
	EndGlobalSection
	GlobalSection(ExtensibilityGlobals) = postSolution
		SolutionGuid = {F63ED580-7B1F-4052-8D5C-22BC954D3B05}
	EndGlobalSection
EndGlobal
